
Microsoft Visual Studio Solution File, Format Version 12.00
# Visual Studio Version 17
VisualStudioVersion = 17.5.33627.172
MinimumVisualStudioVersion = 10.0.40219.1
Project("{9A19103F-16F7-4668-BE54-9A1E7A4F7556}") = "PORECT", "PORECT.csproj", "{A9A719F4-8A60-4698-9E2D-C6EFD79742AD}"
EndProject
Project("{2150E333-8FDC-42A3-9474-1A3956D46DE8}") = "1. Database", "1. Database", "{3B47B412-058C-4AD6-9026-21FE420B683C}"
EndProject
Project("{2150E333-8FDC-42A3-9474-1A3956D46DE8}") = "2. Data Access Layer", "2. Data Access Layer", "{B1BD5321-2CE2-4374-B59A-540E9DE72EAE}"
EndProject
Project("{2150E333-8FDC-42A3-9474-1A3956D46DE8}") = "3. Business Rules", "3. Business Rules", "{5BB74F80-54B4-441C-81A8-E679A80C0FA3}"
EndProject
Project("{2150E333-8FDC-42A3-9474-1A3956D46DE8}") = "4. Presentation Layer", "4. Presentation Layer", "{57F28B19-0568-416B-8DBE-82494682E2BD}"
EndProject
Project("{2150E333-8FDC-42A3-9474-1A3956D46DE8}") = "6. Utility", "6. Utility", "{87AD86DD-4080-4F1A-80CF-9B9F27894E1C}"
EndProject
Project("{FAE04EC0-301F-11D3-BF4B-00C04F79EFBC}") = "PORECT.Helper", "..\PORECT.Helper\PORECT.Helper.csproj", "{383EE07B-E54C-4E96-8CD7-9B45E8C12478}"
EndProject
Project("{2150E333-8FDC-42A3-9474-1A3956D46DE8}") = "5. Microservices", "5. Microservices", "{799F0209-D179-4B9A-8411-2E73B398D9D8}"
EndProject
Project("{FAE04EC0-301F-11D3-BF4B-00C04F79EFBC}") = "PORECT.API", "..\PORECT.API\PORECT.API.csproj", "{08DB2313-B400-4D62-BE7E-B92BB1287C1A}"
EndProject
Project("{FAE04EC0-301F-11D3-BF4B-00C04F79EFBC}") = "Tes.Data", "..\Tes.Data\Tes.Data.csproj", "{D03F4228-F8AC-412B-836A-27C6A321AE34}"
EndProject
Project("{FAE04EC0-301F-11D3-BF4B-00C04F79EFBC}") = "Tes.Domain", "..\Tes.Domain\Tes.Domain.csproj", "{70F63B8A-A9BD-421F-8FC8-713A9A9510DD}"
EndProject
Project("{FAE04EC0-301F-11D3-BF4B-00C04F79EFBC}") = "Tes.Business", "..\Tes.Business\Tes.Business.csproj", "{42E21FF3-F465-4463-B92A-6FDE89F6C6AA}"
EndProject
Project("{2150E333-8FDC-42A3-9474-1A3956D46DE8}") = "7. Console", "7. Console", "{8FA4F56F-6F72-4B61-8D7E-F1C54BF69B46}"
EndProject
Project("{FAE04EC0-301F-11D3-BF4B-00C04F79EFBC}") = "PORECT.TestUnit", "..\PORECT.TestUnit\PORECT.TestUnit.csproj", "{1812A096-8C76-4268-865E-F94DD4EA667D}"
EndProject
Project("{FAE04EC0-301F-11D3-BF4B-00C04F79EFBC}") = "Tes.BusinessRules", "..\Tes.BusinessRules\Tes.BusinessRules.csproj", "{6B9B8DCE-36FB-4A49-BDCA-B71483DFC9D9}"
EndProject
Global
	GlobalSection(SolutionConfigurationPlatforms) = preSolution
		Debug|Any CPU = Debug|Any CPU
		Release|Any CPU = Release|Any CPU
	EndGlobalSection
	GlobalSection(ProjectConfigurationPlatforms) = postSolution
		{A9A719F4-8A60-4698-9E2D-C6EFD79742AD}.Debug|Any CPU.ActiveCfg = Debug|Any CPU
		{A9A719F4-8A60-4698-9E2D-C6EFD79742AD}.Debug|Any CPU.Build.0 = Debug|Any CPU
		{A9A719F4-8A60-4698-9E2D-C6EFD79742AD}.Release|Any CPU.ActiveCfg = Debug|Any CPU
		{A9A719F4-8A60-4698-9E2D-C6EFD79742AD}.Release|Any CPU.Build.0 = Debug|Any CPU
		{383EE07B-E54C-4E96-8CD7-9B45E8C12478}.Debug|Any CPU.ActiveCfg = Debug|Any CPU
		{383EE07B-E54C-4E96-8CD7-9B45E8C12478}.Debug|Any CPU.Build.0 = Debug|Any CPU
		{383EE07B-E54C-4E96-8CD7-9B45E8C12478}.Release|Any CPU.ActiveCfg = Release|Any CPU
		{383EE07B-E54C-4E96-8CD7-9B45E8C12478}.Release|Any CPU.Build.0 = Release|Any CPU
		{08DB2313-B400-4D62-BE7E-B92BB1287C1A}.Debug|Any CPU.ActiveCfg = Debug|Any CPU
		{08DB2313-B400-4D62-BE7E-B92BB1287C1A}.Debug|Any CPU.Build.0 = Debug|Any CPU
		{08DB2313-B400-4D62-BE7E-B92BB1287C1A}.Release|Any CPU.ActiveCfg = Release|Any CPU
		{08DB2313-B400-4D62-BE7E-B92BB1287C1A}.Release|Any CPU.Build.0 = Release|Any CPU
		{D03F4228-F8AC-412B-836A-27C6A321AE34}.Debug|Any CPU.ActiveCfg = Debug|Any CPU
		{D03F4228-F8AC-412B-836A-27C6A321AE34}.Debug|Any CPU.Build.0 = Debug|Any CPU
		{D03F4228-F8AC-412B-836A-27C6A321AE34}.Release|Any CPU.ActiveCfg = Release|Any CPU
		{D03F4228-F8AC-412B-836A-27C6A321AE34}.Release|Any CPU.Build.0 = Release|Any CPU
		{70F63B8A-A9BD-421F-8FC8-713A9A9510DD}.Debug|Any CPU.ActiveCfg = Debug|Any CPU
		{70F63B8A-A9BD-421F-8FC8-713A9A9510DD}.Debug|Any CPU.Build.0 = Debug|Any CPU
		{70F63B8A-A9BD-421F-8FC8-713A9A9510DD}.Release|Any CPU.ActiveCfg = Release|Any CPU
		{70F63B8A-A9BD-421F-8FC8-713A9A9510DD}.Release|Any CPU.Build.0 = Release|Any CPU
		{42E21FF3-F465-4463-B92A-6FDE89F6C6AA}.Debug|Any CPU.ActiveCfg = Debug|Any CPU
		{42E21FF3-F465-4463-B92A-6FDE89F6C6AA}.Debug|Any CPU.Build.0 = Debug|Any CPU
		{42E21FF3-F465-4463-B92A-6FDE89F6C6AA}.Release|Any CPU.ActiveCfg = Release|Any CPU
		{42E21FF3-F465-4463-B92A-6FDE89F6C6AA}.Release|Any CPU.Build.0 = Release|Any CPU
		{1812A096-8C76-4268-865E-F94DD4EA667D}.Debug|Any CPU.ActiveCfg = Debug|Any CPU
		{1812A096-8C76-4268-865E-F94DD4EA667D}.Debug|Any CPU.Build.0 = Debug|Any CPU
		{1812A096-8C76-4268-865E-F94DD4EA667D}.Release|Any CPU.ActiveCfg = Release|Any CPU
		{1812A096-8C76-4268-865E-F94DD4EA667D}.Release|Any CPU.Build.0 = Release|Any CPU
		{6B9B8DCE-36FB-4A49-BDCA-B71483DFC9D9}.Debug|Any CPU.ActiveCfg = Debug|Any CPU
		{6B9B8DCE-36FB-4A49-BDCA-B71483DFC9D9}.Debug|Any CPU.Build.0 = Debug|Any CPU
		{6B9B8DCE-36FB-4A49-BDCA-B71483DFC9D9}.Release|Any CPU.ActiveCfg = Release|Any CPU
		{6B9B8DCE-36FB-4A49-BDCA-B71483DFC9D9}.Release|Any CPU.Build.0 = Release|Any CPU
	EndGlobalSection
	GlobalSection(SolutionProperties) = preSolution
		HideSolutionNode = FALSE
	EndGlobalSection
	GlobalSection(NestedProjects) = preSolution
		{A9A719F4-8A60-4698-9E2D-C6EFD79742AD} = {57F28B19-0568-416B-8DBE-82494682E2BD}
		{383EE07B-E54C-4E96-8CD7-9B45E8C12478} = {87AD86DD-4080-4F1A-80CF-9B9F27894E1C}
		{08DB2313-B400-4D62-BE7E-B92BB1287C1A} = {799F0209-D179-4B9A-8411-2E73B398D9D8}
		{D03F4228-F8AC-412B-836A-27C6A321AE34} = {3B47B412-058C-4AD6-9026-21FE420B683C}
		{70F63B8A-A9BD-421F-8FC8-713A9A9510DD} = {B1BD5321-2CE2-4374-B59A-540E9DE72EAE}
		{42E21FF3-F465-4463-B92A-6FDE89F6C6AA} = {5BB74F80-54B4-441C-81A8-E679A80C0FA3}
		{1812A096-8C76-4268-865E-F94DD4EA667D} = {8FA4F56F-6F72-4B61-8D7E-F1C54BF69B46}
		{6B9B8DCE-36FB-4A49-BDCA-B71483DFC9D9} = {5BB74F80-54B4-441C-81A8-E679A80C0FA3}
	EndGlobalSection
	GlobalSection(ExtensibilityGlobals) = postSolution
		SolutionGuid = {26AD7151-C9A1-4960-BF23-38D1BDF7F6F5}
	EndGlobalSection
EndGlobal
